// !$*UTF8*$!
{
	archiveVersion = 1;
	classes = {
	};
	objectVersion = 48;
	objects = {

/* Begin PBXBuildFile section */
		80B456012033779500A91F03 /* AppDelegate.swift in Sources */ = {isa = PBXBuildFile; fileRef = 80B456002033779500A91F03 /* AppDelegate.swift */; };
		80B456082033779500A91F03 /* Assets.xcassets in Resources */ = {isa = PBXBuildFile; fileRef = 80B456072033779500A91F03 /* Assets.xcassets */; };
		80B4560B2033779500A91F03 /* LaunchScreen.storyboard in Resources */ = {isa = PBXBuildFile; fileRef = 80B456092033779500A91F03 /* LaunchScreen.storyboard */; };
		80B456142033795800A91F03 /* Main.storyboard in Resources */ = {isa = PBXBuildFile; fileRef = 80B456132033795800A91F03 /* Main.storyboard */; };
		80B456172033799900A91F03 /* HomeViewController.swift in Sources */ = {isa = PBXBuildFile; fileRef = 80B456162033799900A91F03 /* HomeViewController.swift */; };
		80B4561B203379F100A91F03 /* Movie.swift in Sources */ = {isa = PBXBuildFile; fileRef = 80B45619203379F100A91F03 /* Movie.swift */; };
		80B4561C203379F100A91F03 /* DataProvider.swift in Sources */ = {isa = PBXBuildFile; fileRef = 80B4561A203379F100A91F03 /* DataProvider.swift */; };
		80B4561F20337DD300A91F03 /* MovieViewController.swift in Sources */ = {isa = PBXBuildFile; fileRef = 80B4561E20337DD300A91F03 /* MovieViewController.swift */; };
/* End PBXBuildFile section */

/* Begin PBXFileReference section */
		80B455FD2033779500A91F03 /* MVC.app */ = {isa = PBXFileReference; explicitFileType = wrapper.application; includeInIndex = 0; path = MVC.app; sourceTree = BUILT_PRODUCTS_DIR; };
		80B456002033779500A91F03 /* AppDelegate.swift */ = {isa = PBXFileReference; lastKnownFileType = sourcecode.swift; path = AppDelegate.swift; sourceTree = "<group>"; };
		80B456072033779500A91F03 /* Assets.xcassets */ = {isa = PBXFileReference; lastKnownFileType = folder.assetcatalog; path = Assets.xcassets; sourceTree = "<group>"; };
		80B4560A2033779500A91F03 /* Base */ = {isa = PBXFileReference; lastKnownFileType = file.storyboard; name = Base; path = Base.lproj/LaunchScreen.storyboard; sourceTree = "<group>"; };
		80B4560C2033779500A91F03 /* Info.plist */ = {isa = PBXFileReference; lastKnownFileType = text.plist.xml; path = Info.plist; sourceTree = "<group>"; };
		80B456132033795800A91F03 /* Main.storyboard */ = {isa = PBXFileReference; fileEncoding = 4; lastKnownFileType = file.storyboard; path = Main.storyboard; sourceTree = "<group>"; };
		80B456162033799900A91F03 /* HomeViewController.swift */ = {isa = PBXFileReference; fileEncoding = 4; lastKnownFileType = sourcecode.swift; path = HomeViewController.swift; sourceTree = "<group>"; };
		80B45619203379F100A91F03 /* Movie.swift */ = {isa = PBXFileReference; fileEncoding = 4; lastKnownFileType = sourcecode.swift; path = Movie.swift; sourceTree = "<group>"; };
		80B4561A203379F100A91F03 /* DataProvider.swift */ = {isa = PBXFileReference; fileEncoding = 4; lastKnownFileType = sourcecode.swift; path = DataProvider.swift; sourceTree = "<group>"; };
		80B4561E20337DD300A91F03 /* MovieViewController.swift */ = {isa = PBXFileReference; lastKnownFileType = sourcecode.swift; path = MovieViewController.swift; sourceTree = "<group>"; };
/* End PBXFileReference section */

/* Begin PBXFrameworksBuildPhase section */
		80B455FA2033779500A91F03 /* Frameworks */ = {
			isa = PBXFrameworksBuildPhase;
			buildActionMask = 2147483647;
			files = (
			);
			runOnlyForDeploymentPostprocessing = 0;
		};
/* End PBXFrameworksBuildPhase section */

/* Begin PBXGroup section */
		80B455F42033779500A91F03 = {
			isa = PBXGroup;
			children = (
				80B455FF2033779500A91F03 /* MVC */,
				80B455FE2033779500A91F03 /* Products */,
			);
			sourceTree = "<group>";
		};
		80B455FE2033779500A91F03 /* Products */ = {
			isa = PBXGroup;
			children = (
				80B455FD2033779500A91F03 /* MVC.app */,
			);
			name = Products;
			sourceTree = "<group>";
		};
		80B455FF2033779500A91F03 /* MVC */ = {
			isa = PBXGroup;
			children = (
				80B45618203379DF00A91F03 /* Data */,
				80B456152033796A00A91F03 /* Home */,
				80B4561D20337DBC00A91F03 /* Movie */,
				80B456122033788F00A91F03 /* Supporting */,
			);
			path = MVC;
			sourceTree = "<group>";
		};
		80B456122033788F00A91F03 /* Supporting */ = {
			isa = PBXGroup;
			children = (
				80B456002033779500A91F03 /* AppDelegate.swift */,
				80B456132033795800A91F03 /* Main.storyboard */,
				80B456072033779500A91F03 /* Assets.xcassets */,
				80B456092033779500A91F03 /* LaunchScreen.storyboard */,
				80B4560C2033779500A91F03 /* Info.plist */,
			);
			path = Supporting;
			sourceTree = "<group>";
		};
		80B456152033796A00A91F03 /* Home */ = {
			isa = PBXGroup;
			children = (
				80B456162033799900A91F03 /* HomeViewController.swift */,
			);
			path = Home;
			sourceTree = "<group>";
		};
		80B45618203379DF00A91F03 /* Data */ = {
			isa = PBXGroup;
			children = (
				80B4561A203379F100A91F03 /* DataProvider.swift */,
				80B45619203379F100A91F03 /* Movie.swift */,
			);
			path = Data;
			sourceTree = "<group>";
		};
		80B4561D20337DBC00A91F03 /* Movie */ = {
			isa = PBXGroup;
			children = (
				80B4561E20337DD300A91F03 /* MovieViewController.swift */,
			);
			path = Movie;
			sourceTree = "<group>";
		};
/* End PBXGroup section */

/* Begin PBXNativeTarget section */
		80B455FC2033779500A91F03 /* MVC */ = {
			isa = PBXNativeTarget;
			buildConfigurationList = 80B4560F2033779500A91F03 /* Build configuration list for PBXNativeTarget "MVC" */;
			buildPhases = (
				80B455F92033779500A91F03 /* Sources */,
				80B455FA2033779500A91F03 /* Frameworks */,
				80B455FB2033779500A91F03 /* Resources */,
			);
			buildRules = (
			);
			dependencies = (
			);
			name = MVC;
			productName = MVC;
			productReference = 80B455FD2033779500A91F03 /* MVC.app */;
			productType = "com.apple.product-type.application";
		};
/* End PBXNativeTarget section */

/* Begin PBXProject section */
		80B455F52033779500A91F03 /* Project object */ = {
			isa = PBXProject;
			attributes = {
				LastSwiftUpdateCheck = 0920;
				LastUpgradeCheck = 0920;
				ORGANIZATIONNAME = "Farzad Nazifi";
				TargetAttributes = {
					80B455FC2033779500A91F03 = {
						CreatedOnToolsVersion = 9.2;
						ProvisioningStyle = Automatic;
					};
				};
			};
			buildConfigurationList = 80B455F82033779500A91F03 /* Build configuration list for PBXProject "MVC" */;
			compatibilityVersion = "Xcode 8.0";
			developmentRegion = en;
			hasScannedForEncodings = 0;
			knownRegions = (
				en,
				Base,
			);
			mainGroup = 80B455F42033779500A91F03;
			productRefGroup = 80B455FE2033779500A91F03 /* Products */;
			projectDirPath = "";
			projectRoot = "";
			targets = (
				80B455FC2033779500A91F03 /* MVC */,
			);
		};
/* End PBXProject section */

/* Begin PBXResourcesBuildPhase section */
		80B455FB2033779500A91F03 /* Resources */ = {
			isa = PBXResourcesBuildPhase;
			buildActionMask = 2147483647;
			files = (
				80B456142033795800A91F03 /* Main.storyboard in Resources */,
				80B4560B2033779500A91F03 /* LaunchScreen.storyboard in Resources */,
				80B456082033779500A91F03 /* Assets.xcassets in Resources */,
			);
			runOnlyForDeploymentPostprocessing = 0;
		};
/* End PBXResourcesBuildPhase section */

/* Begin PBXSourcesBuildPhase section */
		80B455F92033779500A91F03 /* Sources */ = {
			isa = PBXSourcesBuildPhase;
			buildActionMask = 2147483647;
			files = (
				80B456012033779500A91F03 /* AppDelegate.swift in Sources */,
				80B4561F20337DD300A91F03 /* MovieViewController.swift in Sources */,
				80B456172033799900A91F03 /* HomeViewController.swift in Sources */,
				80B4561C203379F100A91F03 /* DataProvider.swift in Sources */,
				80B4561B203379F100A91F03 /* Movie.swift in Sources */,
			);
			runOnlyForDeploymentPostprocessing = 0;
		};
/* End PBXSourcesBuildPhase section */

/* Begin PBXVariantGroup section */
		80B456092033779500A91F03 /* LaunchScreen.storyboard */ = {
			isa = PBXVariantGroup;
			children = (
				80B4560A2033779500A91F03 /* Base */,
			);
			name = LaunchScreen.storyboard;
			sourceTree = "<group>";
		};
/* End PBXVariantGroup section */

/* Begin XCBuildConfiguration section */
		80B4560D2033779500A91F03 /* Debug */ = {
			isa = XCBuildConfiguration;
			buildSettings = {
				ALWAYS_SEARCH_USER_PATHS = NO;
				CLANG_ANALYZER_NONNULL = YES;
				CLANG_ANALYZER_NUMBER_OBJECT_CONVERSION = YES_AGGRESSIVE;
				CLANG_CXX_LANGUAGE_STANDARD = "gnu++14";
				CLANG_CXX_LIBRARY = "libc++";
				CLANG_ENABLE_MODULES = YES;
				CLANG_ENABLE_OBJC_ARC = YES;
				CLANG_WARN_BLOCK_CAPTURE_AUTORELEASING = YES;
				CLANG_WARN_BOOL_CONVERSION = YES;
				CLANG_WARN_COMMA = YES;
				CLANG_WARN_CONSTANT_CONVERSION = YES;
				CLANG_WARN_DIRECT_OBJC_ISA_USAGE = YES_ERROR;
				CLANG_WARN_DOCUMENTATION_COMMENTS = YES;
				CLANG_WARN_EMPTY_BODY = YES;
				CLANG_WARN_ENUM_CONVERSION = YES;
				CLANG_WARN_INFINITE_RECURSION = YES;
				CLANG_WARN_INT_CONVERSION = YES;
				CLANG_WARN_NON_LITERAL_NULL_CONVERSION = YES;
				CLANG_WARN_OBJC_LITERAL_CONVERSION = YES;
				CLANG_WARN_OBJC_ROOT_CLASS = YES_ERROR;
				CLANG_WARN_RANGE_LOOP_ANALYSIS = YES;
				CLANG_WARN_STRICT_PROTOTYPES = YES;
				CLANG_WARN_SUSPICIOUS_MOVE = YES;
				CLANG_WARN_UNGUARDED_AVAILABILITY = YES_AGGRESSIVE;
				CLANG_WARN_UNREACHABLE_CODE = YES;
				CLANG_WARN__DUPLICATE_METHOD_MATCH = YES;
				CODE_SIGN_IDENTITY = "iPhone Developer";
				COPY_PHASE_STRIP = NO;
				DEBUG_INFORMATION_FORMAT = dwarf;
				ENABLE_STRICT_OBJC_MSGSEND = YES;
				ENABLE_TESTABILITY = YES;
				GCC_C_LANGUAGE_STANDARD = gnu11;
				GCC_DYNAMIC_NO_PIC = NO;
				GCC_NO_COMMON_BLOCKS = YES;
				GCC_OPTIMIZATION_LEVEL = 0;
				GCC_PREPROCESSOR_DEFINITIONS = (
					"DEBUG=1",
					"$(inherited)",
				);
				GCC_WARN_64_TO_32_BIT_CONVERSION = YES;
				GCC_WARN_ABOUT_RETURN_TYPE = YES_ERROR;
				GCC_WARN_UNDECLARED_SELECTOR = YES;
				GCC_WARN_UNINITIALIZED_AUTOS = YES_AGGRESSIVE;
				GCC_WARN_UNUSED_FUNCTION = YES;
				GCC_WARN_UNUSED_VARIABLE = YES;
				IPHONEOS_DEPLOYMENT_TARGET = 11.2;
				MTL_ENABLE_DEBUG_INFO = YES;
				ONLY_ACTIVE_ARCH = YES;
				SDKROOT = iphoneos;
				SWIFT_ACTIVE_COMPILATION_CONDITIONS = DEBUG;
				SWIFT_OPTIMIZATION_LEVEL = "-Onone";
			};
			name = Debug;
		};
		80B4560E2033779500A91F03 /* Release */ = {
			isa = XCBuildConfiguration;
			buildSettings = {
				ALWAYS_SEARCH_USER_PATHS = NO;
				CLANG_ANALYZER_NONNULL = YES;
				CLANG_ANALYZER_NUMBER_OBJECT_CONVERSION = YES_AGGRESSIVE;
				CLANG_CXX_LANGUAGE_STANDARD = "gnu++14";
				CLANG_CXX_LIBRARY = "libc++";
				CLANG_ENABLE_MODULES = YES;
				CLANG_ENABLE_OBJC_ARC = YES;
				CLANG_WARN_BLOCK_CAPTURE_AUTORELEASING = YES;
				CLANG_WARN_BOOL_CONVERSION = YES;
				CLANG_WARN_COMMA = YES;
				CLANG_WARN_CONSTANT_CONVERSION = YES;
				CLANG_WARN_DIRECT_OBJC_ISA_USAGE = YES_ERROR;
				CLANG_WARN_DOCUMENTATION_COMMENTS = YES;
				CLANG_WARN_EMPTY_BODY = YES;
				CLANG_WARN_ENUM_CONVERSION = YES;
				CLANG_WARN_INFINITE_RECURSION = YES;
				CLANG_WARN_INT_CONVERSION = YES;
				CLANG_WARN_NON_LITERAL_NULL_CONVERSION = YES;
				CLANG_WARN_OBJC_LITERAL_CONVERSION = YES;
				CLANG_WARN_OBJC_ROOT_CLASS = YES_ERROR;
				CLANG_WARN_RANGE_LOOP_ANALYSIS = YES;
				CLANG_WARN_STRICT_PROTOTYPES = YES;
				CLANG_WARN_SUSPICIOUS_MOVE = YES;
				CLANG_WARN_UNGUARDED_AVAILABILITY = YES_AGGRESSIVE;
				CLANG_WARN_UNREACHABLE_CODE = YES;
				CLANG_WARN__DUPLICATE_METHOD_MATCH = YES;
				CODE_SIGN_IDENTITY = "iPhone Developer";
				COPY_PHASE_STRIP = NO;
				DEBUG_INFORMATION_FORMAT = "dwarf-with-dsym";
				ENABLE_NS_ASSERTIONS = NO;
				ENABLE_STRICT_OBJC_MSGSEND = YES;
				GCC_C_LANGUAGE_STANDARD = gnu11;
				GCC_NO_COMMON_BLOCKS = YES;
				GCC_WARN_64_TO_32_BIT_CONVERSION = YES;
				GCC_WARN_ABOUT_RETURN_TYPE = YES_ERROR;
				GCC_WARN_UNDECLARED_SELECTOR = YES;
				GCC_WARN_UNINITIALIZED_AUTOS = YES_AGGRESSIVE;
				GCC_WARN_UNUSED_FUNCTION = YES;
				GCC_WARN_UNUSED_VARIABLE = YES;
				IPHONEOS_DEPLOYMENT_TARGET = 11.2;
				MTL_ENABLE_DEBUG_INFO = NO;
				SDKROOT = iphoneos;
				SWIFT_OPTIMIZATION_LEVEL = "-Owholemodule";
				VALIDATE_PRODUCT = YES;
			};
			name = Release;
		};
		80B456102033779500A91F03 /* Debug */ = {
			isa = XCBuildConfiguration;
			buildSettings = {
				ASSETCATALOG_COMPILER_APPICON_NAME = AppIcon;
				CODE_SIGN_STYLE = Automatic;
				DEVELOPMENT_TEAM = J5UK95DSK5;
				INFOPLIST_FILE = "$(SRCROOT)/MVC/Supporting/Info.plist";
				LD_RUNPATH_SEARCH_PATHS = "$(inherited) @executable_path/Frameworks";
				PRODUCT_BUNDLE_IDENTIFIER = com.MVC;
				PRODUCT_NAME = "$(TARGET_NAME)";
				SWIFT_VERSION = 4.0;
				TARGETED_DEVICE_FAMILY = "1,2";
			};
			name = Debug;
		};
		80B456112033779500A91F03 /* Release */ = {
			isa = XCBuildConfiguration;
			buildSettings = {
				ASSETCATALOG_COMPILER_APPICON_NAME = AppIcon;
				CODE_SIGN_STYLE = Automatic;
				DEVELOPMENT_TEAM = J5UK95DSK5;
				INFOPLIST_FILE = "$(SRCROOT)/MVC/Supporting/Info.plist";
				LD_RUNPATH_SEARCH_PATHS = "$(inherited) @executable_path/Frameworks";
				PRODUCT_BUNDLE_IDENTIFIER = com.MVC;
				PRODUCT_NAME = "$(TARGET_NAME)";
				SWIFT_VERSION = 4.0;
				TARGETED_DEVICE_FAMILY = "1,2";
			};
			name = Release;
		};
/* End XCBuildConfiguration section */

/* Begin XCConfigurationList section */
		80B455F82033779500A91F03 /* Build configuration list for PBXProject "MVC" */ = {
			isa = XCConfigurationList;
			buildConfigurations = (
				80B4560D2033779500A91F03 /* Debug */,
				80B4560E2033779500A91F03 /* Release */,
			);
			defaultConfigurationIsVisible = 0;
			defaultConfigurationName = Release;
		};
		80B4560F2033779500A91F03 /* Build configuration list for PBXNativeTarget "MVC" */ = {
			isa = XCConfigurationList;
			buildConfigurations = (
				80B456102033779500A91F03 /* Debug */,
				80B456112033779500A91F03 /* Release */,
			);
			defaultConfigurationIsVisible = 0;
			defaultConfigurationName = Release;
		};
/* End XCConfigurationList section */
	};
	rootObject = 80B455F52033779500A91F03 /* Project object */;
}
